// !$*UTF8*$!
{
	archiveVersion = 1;
	classes = {
	};
	objectVersion = 46;
	objects = {

/* Begin PBXBuildFile section */
		90F875481B38FC9500DAD573 /* main.m in Sources */ = {isa = PBXBuildFile; fileRef = 90F875471B38FC9500DAD573 /* main.m */; };
		90F8754B1B38FC9500DAD573 /* AppDelegate.m in Sources */ = {isa = PBXBuildFile; fileRef = 90F8754A1B38FC9500DAD573 /* AppDelegate.m */; };
		90F8754E1B38FC9500DAD573 /* ViewController.m in Sources */ = {isa = PBXBuildFile; fileRef = 90F8754D1B38FC9500DAD573 /* ViewController.m */; };
		90F875511B38FC9500DAD573 /* Main.storyboard in Resources */ = {isa = PBXBuildFile; fileRef = 90F8754F1B38FC9500DAD573 /* Main.storyboard */; };
		90F875531B38FC9500DAD573 /* Images.xcassets in Resources */ = {isa = PBXBuildFile; fileRef = 90F875521B38FC9500DAD573 /* Images.xcassets */; };
		90F875561B38FC9500DAD573 /* LaunchScreen.xib in Resources */ = {isa = PBXBuildFile; fileRef = 90F875541B38FC9500DAD573 /* LaunchScreen.xib */; };
		90F875621B38FC9600DAD573 /* collection3DTests.m in Sources */ = {isa = PBXBuildFile; fileRef = 90F875611B38FC9600DAD573 /* collection3DTests.m */; };
		90F8756D1B38FEFF00DAD573 /* SelfRotationLayout.m in Sources */ = {isa = PBXBuildFile; fileRef = 90F8756C1B38FEFF00DAD573 /* SelfRotationLayout.m */; };
/* End PBXBuildFile section */

/* Begin PBXContainerItemProxy section */
		90F8755C1B38FC9600DAD573 /* PBXContainerItemProxy */ = {
			isa = PBXContainerItemProxy;
			containerPortal = 90F8753A1B38FC9500DAD573 /* Project object */;
			proxyType = 1;
			remoteGlobalIDString = 90F875411B38FC9500DAD573;
			remoteInfo = collection3D;
		};
/* End PBXContainerItemProxy section */

/* Begin PBXFileReference section */
		90F875421B38FC9500DAD573 /* collection3D.app */ = {isa = PBXFileReference; explicitFileType = wrapper.application; includeInIndex = 0; path = collection3D.app; sourceTree = BUILT_PRODUCTS_DIR; };
		90F875461B38FC9500DAD573 /* Info.plist */ = {isa = PBXFileReference; lastKnownFileType = text.plist.xml; path = Info.plist; sourceTree = "<group>"; };
		90F875471B38FC9500DAD573 /* main.m */ = {isa = PBXFileReference; lastKnownFileType = sourcecode.c.objc; path = main.m; sourceTree = "<group>"; };
		90F875491B38FC9500DAD573 /* AppDelegate.h */ = {isa = PBXFileReference; lastKnownFileType = sourcecode.c.h; path = AppDelegate.h; sourceTree = "<group>"; };
		90F8754A1B38FC9500DAD573 /* AppDelegate.m */ = {isa = PBXFileReference; lastKnownFileType = sourcecode.c.objc; path = AppDelegate.m; sourceTree = "<group>"; };
		90F8754C1B38FC9500DAD573 /* ViewController.h */ = {isa = PBXFileReference; lastKnownFileType = sourcecode.c.h; path = ViewController.h; sourceTree = "<group>"; };
		90F8754D1B38FC9500DAD573 /* ViewController.m */ = {isa = PBXFileReference; lastKnownFileType = sourcecode.c.objc; path = ViewController.m; sourceTree = "<group>"; };
		90F875501B38FC9500DAD573 /* Base */ = {isa = PBXFileReference; lastKnownFileType = file.storyboard; name = Base; path = Base.lproj/Main.storyboard; sourceTree = "<group>"; };
		90F875521B38FC9500DAD573 /* Images.xcassets */ = {isa = PBXFileReference; lastKnownFileType = folder.assetcatalog; path = Images.xcassets; sourceTree = "<group>"; };
		90F875551B38FC9500DAD573 /* Base */ = {isa = PBXFileReference; lastKnownFileType = file.xib; name = Base; path = Base.lproj/LaunchScreen.xib; sourceTree = "<group>"; };
		90F8755B1B38FC9600DAD573 /* collection3DTests.xctest */ = {isa = PBXFileReference; explicitFileType = wrapper.cfbundle; includeInIndex = 0; path = collection3DTests.xctest; sourceTree = BUILT_PRODUCTS_DIR; };
		90F875601B38FC9600DAD573 /* Info.plist */ = {isa = PBXFileReference; lastKnownFileType = text.plist.xml; path = Info.plist; sourceTree = "<group>"; };
		90F875611B38FC9600DAD573 /* collection3DTests.m */ = {isa = PBXFileReference; lastKnownFileType = sourcecode.c.objc; path = collection3DTests.m; sourceTree = "<group>"; };
		90F8756B1B38FEFF00DAD573 /* SelfRotationLayout.h */ = {isa = PBXFileReference; fileEncoding = 4; lastKnownFileType = sourcecode.c.h; path = SelfRotationLayout.h; sourceTree = "<group>"; };
		90F8756C1B38FEFF00DAD573 /* SelfRotationLayout.m */ = {isa = PBXFileReference; fileEncoding = 4; lastKnownFileType = sourcecode.c.objc; path = SelfRotationLayout.m; sourceTree = "<group>"; };
/* End PBXFileReference section */

/* Begin PBXFrameworksBuildPhase section */
		90F8753F1B38FC9500DAD573 /* Frameworks */ = {
			isa = PBXFrameworksBuildPhase;
			buildActionMask = 2147483647;
			files = (
			);
			runOnlyForDeploymentPostprocessing = 0;
		};
		90F875581B38FC9600DAD573 /* Frameworks */ = {
			isa = PBXFrameworksBuildPhase;
			buildActionMask = 2147483647;
			files = (
			);
			runOnlyForDeploymentPostprocessing = 0;
		};
/* End PBXFrameworksBuildPhase section */

/* Begin PBXGroup section */
		90F875391B38FC9500DAD573 = {
			isa = PBXGroup;
			children = (
				90F875441B38FC9500DAD573 /* collection3D */,
				90F8755E1B38FC9600DAD573 /* collection3DTests */,
				90F875431B38FC9500DAD573 /* Products */,
			);
			sourceTree = "<group>";
		};
		90F875431B38FC9500DAD573 /* Products */ = {
			isa = PBXGroup;
			children = (
				90F875421B38FC9500DAD573 /* collection3D.app */,
				90F8755B1B38FC9600DAD573 /* collection3DTests.xctest */,
			);
			name = Products;
			sourceTree = "<group>";
		};
		90F875441B38FC9500DAD573 /* collection3D */ = {
			isa = PBXGroup;
			children = (
				90F875491B38FC9500DAD573 /* AppDelegate.h */,
				90F8754A1B38FC9500DAD573 /* AppDelegate.m */,
				90F8754C1B38FC9500DAD573 /* ViewController.h */,
				90F8754D1B38FC9500DAD573 /* ViewController.m */,
				90F8756B1B38FEFF00DAD573 /* SelfRotationLayout.h */,
				90F8756C1B38FEFF00DAD573 /* SelfRotationLayout.m */,
				90F8754F1B38FC9500DAD573 /* Main.storyboard */,
				90F875521B38FC9500DAD573 /* Images.xcassets */,
				90F875541B38FC9500DAD573 /* LaunchScreen.xib */,
				90F875451B38FC9500DAD573 /* Supporting Files */,
			);
			path = collection3D;
			sourceTree = "<group>";
		};
		90F875451B38FC9500DAD573 /* Supporting Files */ = {
			isa = PBXGroup;
			children = (
				90F875461B38FC9500DAD573 /* Info.plist */,
				90F875471B38FC9500DAD573 /* main.m */,
			);
			name = "Supporting Files";
			sourceTree = "<group>";
		};
		90F8755E1B38FC9600DAD573 /* collection3DTests */ = {
			isa = PBXGroup;
			children = (
				90F875611B38FC9600DAD573 /* collection3DTests.m */,
				90F8755F1B38FC9600DAD573 /* Supporting Files */,
			);
			path = collection3DTests;
			sourceTree = "<group>";
		};
		90F8755F1B38FC9600DAD573 /* Supporting Files */ = {
			isa = PBXGroup;
			children = (
				90F875601B38FC9600DAD573 /* Info.plist */,
			);
			name = "Supporting Files";
			sourceTree = "<group>";
		};
/* End PBXGroup section */

/* Begin PBXNativeTarget section */
		90F875411B38FC9500DAD573 /* collection3D */ = {
			isa = PBXNativeTarget;
			buildConfigurationList = 90F875651B38FC9600DAD573 /* Build configuration list for PBXNativeTarget "collection3D" */;
			buildPhases = (
				90F8753E1B38FC9500DAD573 /* Sources */,
				90F8753F1B38FC9500DAD573 /* Frameworks */,
				90F875401B38FC9500DAD573 /* Resources */,
			);
			buildRules = (
			);
			dependencies = (
			);
			name = collection3D;
			productName = collection3D;
			productReference = 90F875421B38FC9500DAD573 /* collection3D.app */;
			productType = "com.apple.product-type.application";
		};
		90F8755A1B38FC9600DAD573 /* collection3DTests */ = {
			isa = PBXNativeTarget;
			buildConfigurationList = 90F875681B38FC9600DAD573 /* Build configuration list for PBXNativeTarget "collection3DTests" */;
			buildPhases = (
				90F875571B38FC9600DAD573 /* Sources */,
				90F875581B38FC9600DAD573 /* Frameworks */,
				90F875591B38FC9600DAD573 /* Resources */,
			);
			buildRules = (
			);
			dependencies = (
				90F8755D1B38FC9600DAD573 /* PBXTargetDependency */,
			);
			name = collection3DTests;
			productName = collection3DTests;
			productReference = 90F8755B1B38FC9600DAD573 /* collection3DTests.xctest */;
			productType = "com.apple.product-type.bundle.unit-test";
		};
/* End PBXNativeTarget section */

/* Begin PBXProject section */
		90F8753A1B38FC9500DAD573 /* Project object */ = {
			isa = PBXProject;
			attributes = {
				LastUpgradeCheck = 0630;
				ORGANIZATIONNAME = cheyinwang;
				TargetAttributes = {
					90F875411B38FC9500DAD573 = {
						CreatedOnToolsVersion = 6.3.2;
					};
					90F8755A1B38FC9600DAD573 = {
						CreatedOnToolsVersion = 6.3.2;
						TestTargetID = 90F875411B38FC9500DAD573;
					};
				};
			};
			buildConfigurationList = 90F8753D1B38FC9500DAD573 /* Build configuration list for PBXProject "collection3D" */;
			compatibilityVersion = "Xcode 3.2";
			developmentRegion = English;
			hasScannedForEncodings = 0;
			knownRegions = (
				en,
				Base,
			);
			mainGroup = 90F875391B38FC9500DAD573;
			productRefGroup = 90F875431B38FC9500DAD573 /* Products */;
			projectDirPath = "";
			projectRoot = "";
			targets = (
				90F875411B38FC9500DAD573 /* collection3D */,
				90F8755A1B38FC9600DAD573 /* collection3DTests */,
			);
		};
/* End PBXProject section */

/* Begin PBXResourcesBuildPhase section */
		90F875401B38FC9500DAD573 /* Resources */ = {
			isa = PBXResourcesBuildPhase;
			buildActionMask = 2147483647;
			files = (
				90F875511B38FC9500DAD573 /* Main.storyboard in Resources */,
				90F875561B38FC9500DAD573 /* LaunchScreen.xib in Resources */,
				90F875531B38FC9500DAD573 /* Images.xcassets in Resources */,
			);
			runOnlyForDeploymentPostprocessing = 0;
		};
		90F875591B38FC9600DAD573 /* Resources */ = {
			isa = PBXResourcesBuildPhase;
			buildActionMask = 2147483647;
			files = (
			);
			runOnlyForDeploymentPostprocessing = 0;
		};
/* End PBXResourcesBuildPhase section */

/* Begin PBXSourcesBuildPhase section */
		90F8753E1B38FC9500DAD573 /* Sources */ = {
			isa = PBXSourcesBuildPhase;
			buildActionMask = 2147483647;
			files = (
				90F8754E1B38FC9500DAD573 /* ViewController.m in Sources */,
				90F8754B1B38FC9500DAD573 /* AppDelegate.m in Sources */,
				90F875481B38FC9500DAD573 /* main.m in Sources */,
				90F8756D1B38FEFF00DAD573 /* SelfRotationLayout.m in Sources */,
			);
			runOnlyForDeploymentPostprocessing = 0;
		};
		90F875571B38FC9600DAD573 /* Sources */ = {
			isa = PBXSourcesBuildPhase;
			buildActionMask = 2147483647;
			files = (
				90F875621B38FC9600DAD573 /* collection3DTests.m in Sources */,
			);
			runOnlyForDeploymentPostprocessing = 0;
		};
/* End PBXSourcesBuildPhase section */

/* Begin PBXTargetDependency section */
		90F8755D1B38FC9600DAD573 /* PBXTargetDependency */ = {
			isa = PBXTargetDependency;
			target = 90F875411B38FC9500DAD573 /* collection3D */;
			targetProxy = 90F8755C1B38FC9600DAD573 /* PBXContainerItemProxy */;
		};
/* End PBXTargetDependency section */

/* Begin PBXVariantGroup section */
		90F8754F1B38FC9500DAD573 /* Main.storyboard */ = {
			isa = PBXVariantGroup;
			children = (
				90F875501B38FC9500DAD573 /* Base */,
			);
			name = Main.storyboard;
			sourceTree = "<group>";
		};
		90F875541B38FC9500DAD573 /* LaunchScreen.xib */ = {
			isa = PBXVariantGroup;
			children = (
				90F875551B38FC9500DAD573 /* Base */,
			);
			name = LaunchScreen.xib;
			sourceTree = "<group>";
		};
/* End PBXVariantGroup section */

/* Begin XCBuildConfiguration section */
		90F875631B38FC9600DAD573 /* Debug */ = {
			isa = XCBuildConfiguration;
			buildSettings = {
				ALWAYS_SEARCH_USER_PATHS = NO;
				CLANG_CXX_LANGUAGE_STANDARD = "gnu++0x";
				CLANG_CXX_LIBRARY = "libc++";
				CLANG_ENABLE_MODULES = YES;
				CLANG_ENABLE_OBJC_ARC = YES;
				CLANG_WARN_BOOL_CONVERSION = YES;
				CLANG_WARN_CONSTANT_CONVERSION = YES;
				CLANG_WARN_DIRECT_OBJC_ISA_USAGE = YES_ERROR;
				CLANG_WARN_EMPTY_BODY = YES;
				CLANG_WARN_ENUM_CONVERSION = YES;
				CLANG_WARN_INT_CONVERSION = YES;
				CLANG_WARN_OBJC_ROOT_CLASS = YES_ERROR;
				CLANG_WARN_UNREACHABLE_CODE = YES;
				CLANG_WARN__DUPLICATE_METHOD_MATCH = YES;
				"CODE_SIGN_IDENTITY[sdk=iphoneos*]" = "iPhone Developer";
				COPY_PHASE_STRIP = NO;
				DEBUG_INFORMATION_FORMAT = "dwarf-with-dsym";
				ENABLE_STRICT_OBJC_MSGSEND = YES;
				GCC_C_LANGUAGE_STANDARD = gnu99;
				GCC_DYNAMIC_NO_PIC = NO;
				GCC_NO_COMMON_BLOCKS = YES;
				GCC_OPTIMIZATION_LEVEL = 0;
				GCC_PREPROCESSOR_DEFINITIONS = (
					"DEBUG=1",
					"$(inherited)",
				);
				GCC_SYMBOLS_PRIVATE_EXTERN = NO;
				GCC_WARN_64_TO_32_BIT_CONVERSION = YES;
				GCC_WARN_ABOUT_RETURN_TYPE = YES_ERROR;
				GCC_WARN_UNDECLARED_SELECTOR = YES;
				GCC_WARN_UNINITIALIZED_AUTOS = YES_AGGRESSIVE;
				GCC_WARN_UNUSED_FUNCTION = YES;
				GCC_WARN_UNUSED_VARIABLE = YES;
				IPHONEOS_DEPLOYMENT_TARGET = 8.3;
				MTL_ENABLE_DEBUG_INFO = YES;
				ONLY_ACTIVE_ARCH = YES;
				SDKROOT = iphoneos;
			};
			name = Debug;
		};
		90F875641B38FC9600DAD573 /* Release */ = {
			isa = XCBuildConfiguration;
			buildSettings = {
				ALWAYS_SEARCH_USER_PATHS = NO;
				CLANG_CXX_LANGUAGE_STANDARD = "gnu++0x";
				CLANG_CXX_LIBRARY = "libc++";
				CLANG_ENABLE_MODULES = YES;
				CLANG_ENABLE_OBJC_ARC = YES;
				CLANG_WARN_BOOL_CONVERSION = YES;
				CLANG_WARN_CONSTANT_CONVERSION = YES;
				CLANG_WARN_DIRECT_OBJC_ISA_USAGE = YES_ERROR;
				CLANG_WARN_EMPTY_BODY = YES;
				CLANG_WARN_ENUM_CONVERSION = YES;
				CLANG_WARN_INT_CONVERSION = YES;
				CLANG_WARN_OBJC_ROOT_CLASS = YES_ERROR;
				CLANG_WARN_UNREACHABLE_CODE = YES;
				CLANG_WARN__DUPLICATE_METHOD_MATCH = YES;
				"CODE_SIGN_IDENTITY[sdk=iphoneos*]" = "iPhone Developer";
				COPY_PHASE_STRIP = NO;
				DEBUG_INFORMATION_FORMAT = "dwarf-with-dsym";
				ENABLE_NS_ASSERTIONS = NO;
				ENABLE_STRICT_OBJC_MSGSEND = YES;
				GCC_C_LANGUAGE_STANDARD = gnu99;
				GCC_NO_COMMON_BLOCKS = YES;
				GCC_WARN_64_TO_32_BIT_CONVERSION = YES;
				GCC_WARN_ABOUT_RETURN_TYPE = YES_ERROR;
				GCC_WARN_UNDECLARED_SELECTOR = YES;
				GCC_WARN_UNINITIALIZED_AUTOS = YES_AGGRESSIVE;
				GCC_WARN_UNUSED_FUNCTION = YES;
				GCC_WARN_UNUSED_VARIABLE = YES;
				IPHONEOS_DEPLOYMENT_TARGET = 8.3;
				MTL_ENABLE_DEBUG_INFO = NO;
				SDKROOT = iphoneos;
				VALIDATE_PRODUCT = YES;
			};
			name = Release;
		};
		90F875661B38FC9600DAD573 /* Debug */ = {
			isa = XCBuildConfiguration;
			buildSettings = {
				ASSETCATALOG_COMPILER_APPICON_NAME = AppIcon;
				INFOPLIST_FILE = collection3D/Info.plist;
				IPHONEOS_DEPLOYMENT_TARGET = 6.1;
				LD_RUNPATH_SEARCH_PATHS = "$(inherited) @executable_path/Frameworks";
				PRODUCT_NAME = "$(TARGET_NAME)";
			};
			name = Debug;
		};
		90F875671B38FC9600DAD573 /* Release */ = {
			isa = XCBuildConfiguration;
			buildSettings = {
				ASSETCATALOG_COMPILER_APPICON_NAME = AppIcon;
				INFOPLIST_FILE = collection3D/Info.plist;
				IPHONEOS_DEPLOYMENT_TARGET = 6.1;
				LD_RUNPATH_SEARCH_PATHS = "$(inherited) @executable_path/Frameworks";
				PRODUCT_NAME = "$(TARGET_NAME)";
			};
			name = Release;
		};
		90F875691B38FC9600DAD573 /* Debug */ = {
			isa = XCBuildConfiguration;
			buildSettings = {
				BUNDLE_LOADER = "$(TEST_HOST)";
				FRAMEWORK_SEARCH_PATHS = (
					"$(SDKROOT)/Developer/Library/Frameworks",
					"$(inherited)",
				);
				GCC_PREPROCESSOR_DEFINITIONS = (
					"DEBUG=1",
					"$(inherited)",
				);
				INFOPLIST_FILE = collection3DTests/Info.plist;
				LD_RUNPATH_SEARCH_PATHS = "$(inherited) @executable_path/Frameworks @loader_path/Frameworks";
				PRODUCT_NAME = "$(TARGET_NAME)";
				TEST_HOST = "$(BUILT_PRODUCTS_DIR)/collection3D.app/collection3D";
			};
			name = Debug;
		};
		90F8756A1B38FC9600DAD573 /* Release */ = {
			isa = XCBuildConfiguration;
			buildSettings = {
				BUNDLE_LOADER = "$(TEST_HOST)";
				FRAMEWORK_SEARCH_PATHS = (
					"$(SDKROOT)/Developer/Library/Frameworks",
					"$(inherited)",
				);
				INFOPLIST_FILE = collection3DTests/Info.plist;
				LD_RUNPATH_SEARCH_PATHS = "$(inherited) @executable_path/Frameworks @loader_path/Frameworks";
				PRODUCT_NAME = "$(TARGET_NAME)";
				TEST_HOST = "$(BUILT_PRODUCTS_DIR)/collection3D.app/collection3D";
			};
			name = Release;
		};
/* End XCBuildConfiguration section */

/* Begin XCConfigurationList section */
		90F8753D1B38FC9500DAD573 /* Build configuration list for PBXProject "collection3D" */ = {
			isa = XCConfigurationList;
			buildConfigurations = (
				90F875631B38FC9600DAD573 /* Debug */,
				90F875641B38FC9600DAD573 /* Release */,
			);
			defaultConfigurationIsVisible = 0;
			defaultConfigurationName = Release;
		};
		90F875651B38FC9600DAD573 /* Build configuration list for PBXNativeTarget "collection3D" */ = {
			isa = XCConfigurationList;
			buildConfigurations = (
				90F875661B38FC9600DAD573 /* Debug */,
				90F875671B38FC9600DAD573 /* Release */,
			);
			defaultConfigurationIsVisible = 0;
		};
		90F875681B38FC9600DAD573 /* Build configuration list for PBXNativeTarget "collection3DTests" */ = {
			isa = XCConfigurationList;
			buildConfigurations = (
				90F875691B38FC9600DAD573 /* Debug */,
				90F8756A1B38FC9600DAD573 /* Release */,
			);
			defaultConfigurationIsVisible = 0;
		};
/* End XCConfigurationList section */
	};
	rootObject = 90F8753A1B38FC9500DAD573 /* Project object */;
}
